
Microsoft Visual Studio Solution File, Format Version 12.00
# Visual Studio Version 17
VisualStudioVersion = 17.5.002.0
MinimumVisualStudioVersion = 10.0.40219.1
Project("{9A19103F-16F7-4668-BE54-9A1E7A4F7556}") = "C#", "C#.csproj", "{D02C0F44-0132-4EE9-A5AA-702271A6D94F}"
EndProject
Global
	GlobalSection(SolutionConfigurationPlatforms) = preSolution
		Debug|Any CPU = Debug|Any CPU
		Release|Any CPU = Release|Any CPU
	EndGlobalSection
	GlobalSection(ProjectConfigurationPlatforms) = postSolution
		{D02C0F44-0132-4EE9-A5AA-702271A6D94F}.Debug|Any CPU.ActiveCfg = Debug|Any CPU
		{D02C0F44-0132-4EE9-A5AA-702271A6D94F}.Debug|Any CPU.Build.0 = Debug|Any CPU
		{D02C0F44-0132-4EE9-A5AA-702271A6D94F}.Release|Any CPU.ActiveCfg = Release|Any CPU
		{D02C0F44-0132-4EE9-A5AA-702271A6D94F}.Release|Any CPU.Build.0 = Release|Any CPU
	EndGlobalSection
	GlobalSection(SolutionProperties) = preSolution
		HideSolutionNode = FALSE
	EndGlobalSection
	GlobalSection(ExtensibilityGlobals) = postSolution
		SolutionGuid = {65EA053E-6AE1-4304-9D9C-0BC26BD1EE9E}
	EndGlobalSection
EndGlobal
